
Microsoft Visual Studio Solution File, Format Version 12.00
# Visual Studio Version 16
VisualStudioVersion = 16.0.31424.327
MinimumVisualStudioVersion = 10.0.40219.1
Project("{E24C65DC-7377-472B-9ABA-BC803B73C61A}") = "digitallibrary", "digitallibrary\", "{A7EBA803-8661-4935-986B-B7957F10484B}"
	ProjectSection(WebsiteProperties) = preProject
		TargetFrameworkMoniker = ".NETFramework,Version%3Dv4.7.2"
		Debug.AspNetCompiler.VirtualPath = "/localhost_60518"
		Debug.AspNetCompiler.PhysicalPath = "digitallibrary\"
		Debug.AspNetCompiler.TargetPath = "PrecompiledWeb\localhost_60518\"
		Debug.AspNetCompiler.Updateable = "true"
		Debug.AspNetCompiler.ForceOverwrite = "true"
		Debug.AspNetCompiler.FixedNames = "false"
		Debug.AspNetCompiler.Debug = "True"
		Release.AspNetCompiler.VirtualPath = "/localhost_60518"
		Release.AspNetCompiler.PhysicalPath = "digitallibrary\"
		Release.AspNetCompiler.TargetPath = "PrecompiledWeb\localhost_60518\"
		Release.AspNetCompiler.Updateable = "true"
		Release.AspNetCompiler.ForceOverwrite = "true"
		Release.AspNetCompiler.FixedNames = "false"
		Release.AspNetCompiler.Debug = "False"
		VWDPort = "60518"
		SlnRelativePath = "digitallibrary\"
		DefaultWebSiteLanguage = "Visual C#"
	EndProjectSection
EndProject
Global
	GlobalSection(SolutionConfigurationPlatforms) = preSolution
		Debug|Any CPU = Debug|Any CPU
	EndGlobalSection
	GlobalSection(ProjectConfigurationPlatforms) = postSolution
		{A7EBA803-8661-4935-986B-B7957F10484B}.Debug|Any CPU.ActiveCfg = Debug|Any CPU
		{A7EBA803-8661-4935-986B-B7957F10484B}.Debug|Any CPU.Build.0 = Debug|Any CPU
	EndGlobalSection
	GlobalSection(SolutionProperties) = preSolution
		HideSolutionNode = FALSE
	EndGlobalSection
	GlobalSection(ExtensibilityGlobals) = postSolution
		SolutionGuid = {4A32BB06-C1F6-447D-9A36-FA99743472D1}
	EndGlobalSection
EndGlobal
